
Microsoft Visual Studio Solution File, Format Version 12.00
# Visual Studio Version 17
VisualStudioVersion = 17.3.32819.101
MinimumVisualStudioVersion = 10.0.40219.1
Project("{9A19103F-16F7-4668-BE54-9A1E7A4F7556}") = "GenZBook.DataAccess", "GenZBook.DataAccess\GenZBook.DataAccess.csproj", "{4AD2A9AB-817B-4019-9AD3-5BD9F12FED81}"
EndProject
Project("{9A19103F-16F7-4668-BE54-9A1E7A4F7556}") = "GenZBook.Models", "GenZBook.Models\GenZBook.Models.csproj", "{AF1B53DE-0A32-427A-BD02-EEC5E87330D7}"
EndProject
Project("{9A19103F-16F7-4668-BE54-9A1E7A4F7556}") = "GenZBook.Utility", "GenZBook.Utility\GenZBook.Utility.csproj", "{B0639E03-C58E-4421-99D5-C70AAFFB8485}"
EndProject
Project("{9A19103F-16F7-4668-BE54-9A1E7A4F7556}") = "GenZBookWeb", "GenZBookWeb\GenZBookWeb.csproj", "{03B23CFE-BDAC-41A0-8325-67488473EBFC}"
EndProject
Global
	GlobalSection(SolutionConfigurationPlatforms) = preSolution
		Debug|Any CPU = Debug|Any CPU
		Release|Any CPU = Release|Any CPU
	EndGlobalSection
	GlobalSection(ProjectConfigurationPlatforms) = postSolution
		{4AD2A9AB-817B-4019-9AD3-5BD9F12FED81}.Debug|Any CPU.ActiveCfg = Debug|Any CPU
		{4AD2A9AB-817B-4019-9AD3-5BD9F12FED81}.Debug|Any CPU.Build.0 = Debug|Any CPU
		{4AD2A9AB-817B-4019-9AD3-5BD9F12FED81}.Release|Any CPU.ActiveCfg = Release|Any CPU
		{4AD2A9AB-817B-4019-9AD3-5BD9F12FED81}.Release|Any CPU.Build.0 = Release|Any CPU
		{AF1B53DE-0A32-427A-BD02-EEC5E87330D7}.Debug|Any CPU.ActiveCfg = Debug|Any CPU
		{AF1B53DE-0A32-427A-BD02-EEC5E87330D7}.Debug|Any CPU.Build.0 = Debug|Any CPU
		{AF1B53DE-0A32-427A-BD02-EEC5E87330D7}.Release|Any CPU.ActiveCfg = Release|Any CPU
		{AF1B53DE-0A32-427A-BD02-EEC5E87330D7}.Release|Any CPU.Build.0 = Release|Any CPU
		{B0639E03-C58E-4421-99D5-C70AAFFB8485}.Debug|Any CPU.ActiveCfg = Debug|Any CPU
		{B0639E03-C58E-4421-99D5-C70AAFFB8485}.Debug|Any CPU.Build.0 = Debug|Any CPU
		{B0639E03-C58E-4421-99D5-C70AAFFB8485}.Release|Any CPU.ActiveCfg = Release|Any CPU
		{B0639E03-C58E-4421-99D5-C70AAFFB8485}.Release|Any CPU.Build.0 = Release|Any CPU
		{03B23CFE-BDAC-41A0-8325-67488473EBFC}.Debug|Any CPU.ActiveCfg = Debug|Any CPU
		{03B23CFE-BDAC-41A0-8325-67488473EBFC}.Debug|Any CPU.Build.0 = Debug|Any CPU
		{03B23CFE-BDAC-41A0-8325-67488473EBFC}.Release|Any CPU.ActiveCfg = Release|Any CPU
		{03B23CFE-BDAC-41A0-8325-67488473EBFC}.Release|Any CPU.Build.0 = Release|Any CPU
	EndGlobalSection
	GlobalSection(SolutionProperties) = preSolution
		HideSolutionNode = FALSE
	EndGlobalSection
	GlobalSection(ExtensibilityGlobals) = postSolution
		SolutionGuid = {061E23BE-0783-43C6-A4DE-52D2C8671BF0}
	EndGlobalSection
EndGlobal
