
Microsoft Visual Studio Solution File, Format Version 12.00
# Visual Studio Version 17
VisualStudioVersion = 17.3.32819.101
MinimumVisualStudioVersion = 10.0.40219.1
Project("{FAE04EC0-301F-11D3-BF4B-00C04F79EFBC}") = "GenZBook", "GenZBook\GenZBook.csproj", "{2A2DB2EF-B91B-42B8-99E4-76F4410343DA}"
EndProject
Global
	GlobalSection(SolutionConfigurationPlatforms) = preSolution
		Debug|Any CPU = Debug|Any CPU
		Release|Any CPU = Release|Any CPU
	EndGlobalSection
	GlobalSection(ProjectConfigurationPlatforms) = postSolution
		{2A2DB2EF-B91B-42B8-99E4-76F4410343DA}.Debug|Any CPU.ActiveCfg = Debug|Any CPU
		{2A2DB2EF-B91B-42B8-99E4-76F4410343DA}.Debug|Any CPU.Build.0 = Debug|Any CPU
		{2A2DB2EF-B91B-42B8-99E4-76F4410343DA}.Release|Any CPU.ActiveCfg = Release|Any CPU
		{2A2DB2EF-B91B-42B8-99E4-76F4410343DA}.Release|Any CPU.Build.0 = Release|Any CPU
	EndGlobalSection
	GlobalSection(SolutionProperties) = preSolution
		HideSolutionNode = FALSE
	EndGlobalSection
	GlobalSection(ExtensibilityGlobals) = postSolution
		SolutionGuid = {061E23BE-0783-43C6-A4DE-52D2C8671BF0}
	EndGlobalSection
EndGlobal
